{
  "requires": true,
  "lockfileVersion": 1,
  "dependencies": {
    "@angular/forms": {
      "version": "8.2.12",
      "resolved": "https://registry.npmjs.org/@angular/forms/-/forms-8.2.12.tgz",
      "integrity": "sha512-y1UObndCGbTYwLSzUWzCiX7th+mb4n712asApooGmfmIQmgTyHbKxYUJ9Ep1pgd0pqLBBnK249MQLH15NDpbyQ==",
      "requires": {
        "tslib": "^1.9.0"
      }
    },
    "tslib": {
      "version": "1.10.0",
      "resolved": "https://registry.npmjs.org/tslib/-/tslib-1.10.0.tgz",
      "integrity": "sha512-qOebF53frne81cf0S9B41ByenJ3/IuH8yJKngAX35CmiZySA0khhkovshKK+jGCaMnVomla7gVlIcc3EvKPbTQ=="
    }
  }
}
